@@ -7,6 +7,7 @@
	objects = {

/* Begin PBXBuildFile section */
		0FB7FAF024880C0300718074 /* WebKit.framework in Frameworks */ = {isa = PBXBuildFile; fileRef = 0FB7FAEF24880C0300718074 /* WebKit.framework */; };
		3A37C3D11929A96B00942423 /* UVAttachment.h in Headers */ = {isa = PBXBuildFile; fileRef = 3A37C3CF1929A96B00942423 /* UVAttachment.h */; };
		3A37C3D21929A96B00942423 /* UVAttachment.m in Sources */ = {isa = PBXBuildFile; fileRef = 3A37C3D01929A96B00942423 /* UVAttachment.m */; };
		410BA91E1D7D9E270014A56D /* UVWelcomeSearchResultsController.h in Headers */ = {isa = PBXBuildFile; fileRef = 410BA91C1D7D9E270014A56D /* UVWelcomeSearchResultsController.h */; };
@ -294,6 +295,7 @@
/* End PBXBuildFile section */

/* Begin PBXFileReference section */
		0FB7FAEF24880C0300718074 /* WebKit.framework */ = {isa = PBXFileReference; lastKnownFileType = wrapper.framework; name = WebKit.framework; path = Platforms/MacOSX.platform/Developer/SDKs/MacOSX10.15.sdk/System/Library/Frameworks/WebKit.framework; sourceTree = DEVELOPER_DIR; };
		3A37C3CF1929A96B00942423 /* UVAttachment.h */ = {isa = PBXFileReference; fileEncoding = 4; lastKnownFileType = sourcecode.c.h; path = UVAttachment.h; sourceTree = "<group>"; };
		3A37C3D01929A96B00942423 /* UVAttachment.m */ = {isa = PBXFileReference; fileEncoding = 4; lastKnownFileType = sourcecode.c.objc; path = UVAttachment.m; sourceTree = "<group>"; };
		410BA91C1D7D9E270014A56D /* UVWelcomeSearchResultsController.h */ = {isa = PBXFileReference; fileEncoding = 4; lastKnownFileType = sourcecode.c.h; path = UVWelcomeSearchResultsController.h; sourceTree = "<group>"; };
@ -465,6 +467,7 @@
			isa = PBXFrameworksBuildPhase;
			buildActionMask = 2147483647;
			files = (
				0FB7FAF024880C0300718074 /* WebKit.framework in Frameworks */,
				AACBBE4A0F95108600F1A2B1 /* Foundation.framework in Frameworks */,
				D2620D2E11B589FE0053EA4C /* SystemConfiguration.framework in Frameworks */,
				D2C4B58F11C182CD00AD1C1A /* QuartzCore.framework in Frameworks */,
@ -515,6 +518,7 @@
		0867D69AFE84028FC02AAC07 /* Frameworks */ = {
			isa = PBXGroup;
			children = (
				0FB7FAEF24880C0300718074 /* WebKit.framework */,
				AACBBE490F95108600F1A2B1 /* Foundation.framework */,
			);
			name = Frameworks;
